{
  "name": "vuetify-file-browser",
  "version": "1.0.2",
  "lockfileVersion": 1,
  "requires": true,
  "dependencies": {
    "pdfjs-dist": {
      "version": "2.5.207",
      "resolved": "https://registry.npmjs.org/pdfjs-dist/-/pdfjs-dist-2.5.207.tgz",
      "integrity": "sha512-xGDUhnCYPfHy+unMXCLCJtlpZaaZ17Ew3WIL0tnSgKFUZXHAPD49GO9xScyszSsQMoutNDgRb+rfBXIaX/lJbw=="
    },
    "pdfvuer": {
      "version": "1.9.2",
      "resolved": "https://registry.npmjs.org/pdfvuer/-/pdfvuer-1.9.2.tgz",
      "integrity": "sha512-SI2fnjVzlFEoJZ5uBgW3KsLyQ60Rguxj30l13VH5462cMn9tDwbs35dTM9KeBOuNuK7jZ5nHRzLWkU/xYfxsuQ==",
      "requires": {
        "pdfjs-dist": "2.5.207",
        "raw-loader": "^0.5.1",
        "vue-resize-sensor": "^2.0.0"
      }
    },
    "raw-loader": {
      "version": "0.5.1",
      "resolved": "https://registry.npmjs.org/raw-loader/-/raw-loader-0.5.1.tgz",
      "integrity": "sha1-DD0L6u2KAclm2Xh793goElKpeao="
    },
    "sax": {
      "version": "1.2.4",
      "resolved": "https://registry.npmjs.org/sax/-/sax-1.2.4.tgz",
      "integrity": "sha512-NqVDv9TpANUjFm0N8uM5GxL36UgKi9/atZw+x7YFnQ8ckwFGKrl4xX4yWtrey3UJm5nP1kUbnYgLopqWNSRhWw=="
    },
    "vue-resize-sensor": {
      "version": "2.0.0",
      "resolved": "https://registry.npmjs.org/vue-resize-sensor/-/vue-resize-sensor-2.0.0.tgz",
      "integrity": "sha512-W+y2EAI/BxS4Vlcca9scQv8ifeBFck56DRtSwWJ2H4Cw1GLNUYxiZxUHHkuzuI5JPW/cYtL1bPO5xPyEXx4LmQ=="
    },
    "xml-js": {
      "version": "1.6.11",
      "resolved": "https://registry.npmjs.org/xml-js/-/xml-js-1.6.11.tgz",
      "integrity": "sha512-7rVi2KMfwfWFl+GpPg6m80IVMWXLRjO+PxTq7V2CDhoGak0wzYzFgUY2m4XJ47OGdXd8eLE8EmwfAmdjw7lC1g==",
      "requires": {
        "sax": "^1.2.4"
      }
    }
  }
}
